
Microsoft Visual Studio Solution File, Format Version 12.00
# Visual Studio 15
VisualStudioVersion = 15.0.27004.2010
MinimumVisualStudioVersion = 10.0.40219.1
Project("{9A19103F-16F7-4668-BE54-9A1E7A4F7556}") = "BikeRental", "BikeRental\BikeRental.csproj", "{58997BE0-B9FD-49A4-801B-950A3C0B58A1}"
EndProject
Project("{FAE04EC0-301F-11D3-BF4B-00C04F79EFBC}") = "BikeRentalTests", "BikeRentalTests\BikeRentalTests.csproj", "{2B46DAB1-DCEA-4E8F-8852-49E9838071B3}"
EndProject
Global
	GlobalSection(SolutionConfigurationPlatforms) = preSolution
		Debug|Any CPU = Debug|Any CPU
		Release|Any CPU = Release|Any CPU
	EndGlobalSection
	GlobalSection(ProjectConfigurationPlatforms) = postSolution
		{58997BE0-B9FD-49A4-801B-950A3C0B58A1}.Debug|Any CPU.ActiveCfg = Debug|Any CPU
		{58997BE0-B9FD-49A4-801B-950A3C0B58A1}.Debug|Any CPU.Build.0 = Debug|Any CPU
		{58997BE0-B9FD-49A4-801B-950A3C0B58A1}.Release|Any CPU.ActiveCfg = Release|Any CPU
		{58997BE0-B9FD-49A4-801B-950A3C0B58A1}.Release|Any CPU.Build.0 = Release|Any CPU
		{2B46DAB1-DCEA-4E8F-8852-49E9838071B3}.Debug|Any CPU.ActiveCfg = Debug|Any CPU
		{2B46DAB1-DCEA-4E8F-8852-49E9838071B3}.Debug|Any CPU.Build.0 = Debug|Any CPU
		{2B46DAB1-DCEA-4E8F-8852-49E9838071B3}.Release|Any CPU.ActiveCfg = Release|Any CPU
		{2B46DAB1-DCEA-4E8F-8852-49E9838071B3}.Release|Any CPU.Build.0 = Release|Any CPU
	EndGlobalSection
	GlobalSection(SolutionProperties) = preSolution
		HideSolutionNode = FALSE
	EndGlobalSection
	GlobalSection(ExtensibilityGlobals) = postSolution
		SolutionGuid = {86A14456-CB57-421A-9653-017F03EC7048}
	EndGlobalSection
EndGlobal
